// !$*UTF8*$!
{
	archiveVersion = 1;
	classes = {
	};
	objectVersion = 56;
	objects = {

/* Begin PBXBuildFile section */
		6B3034792A10D2CC00CBA23C /* Swift_30_Projects_SpotifySignInApp.swift in Sources */ = {isa = PBXBuildFile; fileRef = 6B3034782A10D2CC00CBA23C /* Swift_30_Projects_SpotifySignInApp.swift */; };
		6B30347B2A10D2CC00CBA23C /* SignInView.swift in Sources */ = {isa = PBXBuildFile; fileRef = 6B30347A2A10D2CC00CBA23C /* SignInView.swift */; };
		6B30347D2A10D2CF00CBA23C /* Assets.xcassets in Resources */ = {isa = PBXBuildFile; fileRef = 6B30347C2A10D2CF00CBA23C /* Assets.xcassets */; };
		6B3034802A10D2CF00CBA23C /* Preview Assets.xcassets in Resources */ = {isa = PBXBuildFile; fileRef = 6B30347F2A10D2CF00CBA23C /* Preview Assets.xcassets */; };
		6B3034872A10ED0300CBA23C /* moments.mp4 in Resources */ = {isa = PBXBuildFile; fileRef = 6B3034862A10ED0300CBA23C /* moments.mp4 */; };
		6B3034892A10FADB00CBA23C /* PlayerView.swift in Sources */ = {isa = PBXBuildFile; fileRef = 6B3034882A10FADB00CBA23C /* PlayerView.swift */; };
/* End PBXBuildFile section */

/* Begin PBXFileReference section */
		6B3034752A10D2CC00CBA23C /* Swift_30_Projects_SpotifySignIn.app */ = {isa = PBXFileReference; explicitFileType = wrapper.application; includeInIndex = 0; path = Swift_30_Projects_SpotifySignIn.app; sourceTree = BUILT_PRODUCTS_DIR; };
		6B3034782A10D2CC00CBA23C /* Swift_30_Projects_SpotifySignInApp.swift */ = {isa = PBXFileReference; lastKnownFileType = sourcecode.swift; path = Swift_30_Projects_SpotifySignInApp.swift; sourceTree = "<group>"; };
		6B30347A2A10D2CC00CBA23C /* SignInView.swift */ = {isa = PBXFileReference; lastKnownFileType = sourcecode.swift; path = SignInView.swift; sourceTree = "<group>"; };
		6B30347C2A10D2CF00CBA23C /* Assets.xcassets */ = {isa = PBXFileReference; lastKnownFileType = folder.assetcatalog; path = Assets.xcassets; sourceTree = "<group>"; };
		6B30347F2A10D2CF00CBA23C /* Preview Assets.xcassets */ = {isa = PBXFileReference; lastKnownFileType = folder.assetcatalog; path = "Preview Assets.xcassets"; sourceTree = "<group>"; };
		6B3034862A10ED0300CBA23C /* moments.mp4 */ = {isa = PBXFileReference; lastKnownFileType = file; path = moments.mp4; sourceTree = "<group>"; };
		6B3034882A10FADB00CBA23C /* PlayerView.swift */ = {isa = PBXFileReference; lastKnownFileType = sourcecode.swift; path = PlayerView.swift; sourceTree = "<group>"; };
/* End PBXFileReference section */

/* Begin PBXFrameworksBuildPhase section */
		6B3034722A10D2CC00CBA23C /* Frameworks */ = {
			isa = PBXFrameworksBuildPhase;
			buildActionMask = 2147483647;
			files = (
			);
			runOnlyForDeploymentPostprocessing = 0;
		};
/* End PBXFrameworksBuildPhase section */

/* Begin PBXGroup section */
		6B30346C2A10D2CC00CBA23C = {
			isa = PBXGroup;
			children = (
				6B3034772A10D2CC00CBA23C /* Swift_30_Projects_SpotifySignIn */,
				6B3034762A10D2CC00CBA23C /* Products */,
			);
			sourceTree = "<group>";
		};
		6B3034762A10D2CC00CBA23C /* Products */ = {
			isa = PBXGroup;
			children = (
				6B3034752A10D2CC00CBA23C /* Swift_30_Projects_SpotifySignIn.app */,
			);
			name = Products;
			sourceTree = "<group>";
		};
		6B3034772A10D2CC00CBA23C /* Swift_30_Projects_SpotifySignIn */ = {
			isa = PBXGroup;
			children = (
				6B3034782A10D2CC00CBA23C /* Swift_30_Projects_SpotifySignInApp.swift */,
				6B30347A2A10D2CC00CBA23C /* SignInView.swift */,
				6B3034882A10FADB00CBA23C /* PlayerView.swift */,
				6B3034862A10ED0300CBA23C /* moments.mp4 */,
				6B30347C2A10D2CF00CBA23C /* Assets.xcassets */,
				6B30347E2A10D2CF00CBA23C /* Preview Content */,
			);
			path = Swift_30_Projects_SpotifySignIn;
			sourceTree = "<group>";
		};
		6B30347E2A10D2CF00CBA23C /* Preview Content */ = {
			isa = PBXGroup;
			children = (
				6B30347F2A10D2CF00CBA23C /* Preview Assets.xcassets */,
			);
			path = "Preview Content";
			sourceTree = "<group>";
		};
/* End PBXGroup section */

/* Begin PBXNativeTarget section */
		6B3034742A10D2CC00CBA23C /* Swift_30_Projects_SpotifySignIn */ = {
			isa = PBXNativeTarget;
			buildConfigurationList = 6B3034832A10D2CF00CBA23C /* Build configuration list for PBXNativeTarget "Swift_30_Projects_SpotifySignIn" */;
			buildPhases = (
				6B3034712A10D2CC00CBA23C /* Sources */,
				6B3034722A10D2CC00CBA23C /* Frameworks */,
				6B3034732A10D2CC00CBA23C /* Resources */,
			);
			buildRules = (
			);
			dependencies = (
			);
			name = Swift_30_Projects_SpotifySignIn;
			productName = Swift_30_Projects_SpotifySignIn;
			productReference = 6B3034752A10D2CC00CBA23C /* Swift_30_Projects_SpotifySignIn.app */;
			productType = "com.apple.product-type.application";
		};
/* End PBXNativeTarget section */

/* Begin PBXProject section */
		6B30346D2A10D2CC00CBA23C /* Project object */ = {
			isa = PBXProject;
			attributes = {
				BuildIndependentTargetsInParallel = 1;
				LastSwiftUpdateCheck = 1430;
				LastUpgradeCheck = 1430;
				TargetAttributes = {
					6B3034742A10D2CC00CBA23C = {
						CreatedOnToolsVersion = 14.3;
					};
				};
			};
			buildConfigurationList = 6B3034702A10D2CC00CBA23C /* Build configuration list for PBXProject "Swift_30_Projects_SpotifySignIn" */;
			compatibilityVersion = "Xcode 14.0";
			developmentRegion = en;
			hasScannedForEncodings = 0;
			knownRegions = (
				en,
				Base,
			);
			mainGroup = 6B30346C2A10D2CC00CBA23C;
			productRefGroup = 6B3034762A10D2CC00CBA23C /* Products */;
			projectDirPath = "";
			projectRoot = "";
			targets = (
				6B3034742A10D2CC00CBA23C /* Swift_30_Projects_SpotifySignIn */,
			);
		};
/* End PBXProject section */

/* Begin PBXResourcesBuildPhase section */
		6B3034732A10D2CC00CBA23C /* Resources */ = {
			isa = PBXResourcesBuildPhase;
			buildActionMask = 2147483647;
			files = (
				6B3034872A10ED0300CBA23C /* moments.mp4 in Resources */,
				6B3034802A10D2CF00CBA23C /* Preview Assets.xcassets in Resources */,
				6B30347D2A10D2CF00CBA23C /* Assets.xcassets in Resources */,
			);
			runOnlyForDeploymentPostprocessing = 0;
		};
/* End PBXResourcesBuildPhase section */

/* Begin PBXSourcesBuildPhase section */
		6B3034712A10D2CC00CBA23C /* Sources */ = {
			isa = PBXSourcesBuildPhase;
			buildActionMask = 2147483647;
			files = (
				6B30347B2A10D2CC00CBA23C /* SignInView.swift in Sources */,
				6B3034892A10FADB00CBA23C /* PlayerView.swift in Sources */,
				6B3034792A10D2CC00CBA23C /* Swift_30_Projects_SpotifySignInApp.swift in Sources */,
			);
			runOnlyForDeploymentPostprocessing = 0;
		};
/* End PBXSourcesBuildPhase section */

/* Begin XCBuildConfiguration section */
		6B3034812A10D2CF00CBA23C /* Debug */ = {
			isa = XCBuildConfiguration;
			buildSettings = {
				ALWAYS_SEARCH_USER_PATHS = NO;
				CLANG_ANALYZER_NONNULL = YES;
				CLANG_ANALYZER_NUMBER_OBJECT_CONVERSION = YES_AGGRESSIVE;
				CLANG_CXX_LANGUAGE_STANDARD = "gnu++20";
				CLANG_ENABLE_MODULES = YES;
				CLANG_ENABLE_OBJC_ARC = YES;
				CLANG_ENABLE_OBJC_WEAK = YES;
				CLANG_WARN_BLOCK_CAPTURE_AUTORELEASING = YES;
				CLANG_WARN_BOOL_CONVERSION = YES;
				CLANG_WARN_COMMA = YES;
				CLANG_WARN_CONSTANT_CONVERSION = YES;
				CLANG_WARN_DEPRECATED_OBJC_IMPLEMENTATIONS = YES;
				CLANG_WARN_DIRECT_OBJC_ISA_USAGE = YES_ERROR;
				CLANG_WARN_DOCUMENTATION_COMMENTS = YES;
				CLANG_WARN_EMPTY_BODY = YES;
				CLANG_WARN_ENUM_CONVERSION = YES;
				CLANG_WARN_INFINITE_RECURSION = YES;
				CLANG_WARN_INT_CONVERSION = YES;
				CLANG_WARN_NON_LITERAL_NULL_CONVERSION = YES;
				CLANG_WARN_OBJC_IMPLICIT_RETAIN_SELF = YES;
				CLANG_WARN_OBJC_LITERAL_CONVERSION = YES;
				CLANG_WARN_OBJC_ROOT_CLASS = YES_ERROR;
				CLANG_WARN_QUOTED_INCLUDE_IN_FRAMEWORK_HEADER = YES;
				CLANG_WARN_RANGE_LOOP_ANALYSIS = YES;
				CLANG_WARN_STRICT_PROTOTYPES = YES;
				CLANG_WARN_SUSPICIOUS_MOVE = YES;
				CLANG_WARN_UNGUARDED_AVAILABILITY = YES_AGGRESSIVE;
				CLANG_WARN_UNREACHABLE_CODE = YES;
				CLANG_WARN__DUPLICATE_METHOD_MATCH = YES;
				COPY_PHASE_STRIP = NO;
				DEBUG_INFORMATION_FORMAT = dwarf;
				ENABLE_STRICT_OBJC_MSGSEND = YES;
				ENABLE_TESTABILITY = YES;
				GCC_C_LANGUAGE_STANDARD = gnu11;
				GCC_DYNAMIC_NO_PIC = NO;
				GCC_NO_COMMON_BLOCKS = YES;
				GCC_OPTIMIZATION_LEVEL = 0;
				GCC_PREPROCESSOR_DEFINITIONS = (
					"DEBUG=1",
					"$(inherited)",
				);
				GCC_WARN_64_TO_32_BIT_CONVERSION = YES;
				GCC_WARN_ABOUT_RETURN_TYPE = YES_ERROR;
				GCC_WARN_UNDECLARED_SELECTOR = YES;
				GCC_WARN_UNINITIALIZED_AUTOS = YES_AGGRESSIVE;
				GCC_WARN_UNUSED_FUNCTION = YES;
				GCC_WARN_UNUSED_VARIABLE = YES;
				IPHONEOS_DEPLOYMENT_TARGET = 16.4;
				MTL_ENABLE_DEBUG_INFO = INCLUDE_SOURCE;
				MTL_FAST_MATH = YES;
				ONLY_ACTIVE_ARCH = YES;
				SDKROOT = iphoneos;
				SWIFT_ACTIVE_COMPILATION_CONDITIONS = DEBUG;
				SWIFT_OPTIMIZATION_LEVEL = "-Onone";
			};
			name = Debug;
		};
		6B3034822A10D2CF00CBA23C /* Release */ = {
			isa = XCBuildConfiguration;
			buildSettings = {
				ALWAYS_SEARCH_USER_PATHS = NO;
				CLANG_ANALYZER_NONNULL = YES;
				CLANG_ANALYZER_NUMBER_OBJECT_CONVERSION = YES_AGGRESSIVE;
				CLANG_CXX_LANGUAGE_STANDARD = "gnu++20";
				CLANG_ENABLE_MODULES = YES;
				CLANG_ENABLE_OBJC_ARC = YES;
				CLANG_ENABLE_OBJC_WEAK = YES;
				CLANG_WARN_BLOCK_CAPTURE_AUTORELEASING = YES;
				CLANG_WARN_BOOL_CONVERSION = YES;
				CLANG_WARN_COMMA = YES;
				CLANG_WARN_CONSTANT_CONVERSION = YES;
				CLANG_WARN_DEPRECATED_OBJC_IMPLEMENTATIONS = YES;
				CLANG_WARN_DIRECT_OBJC_ISA_USAGE = YES_ERROR;
				CLANG_WARN_DOCUMENTATION_COMMENTS = YES;
				CLANG_WARN_EMPTY_BODY = YES;
				CLANG_WARN_ENUM_CONVERSION = YES;
				CLANG_WARN_INFINITE_RECURSION = YES;
				CLANG_WARN_INT_CONVERSION = YES;
				CLANG_WARN_NON_LITERAL_NULL_CONVERSION = YES;
				CLANG_WARN_OBJC_IMPLICIT_RETAIN_SELF = YES;
				CLANG_WARN_OBJC_LITERAL_CONVERSION = YES;
				CLANG_WARN_OBJC_ROOT_CLASS = YES_ERROR;
				CLANG_WARN_QUOTED_INCLUDE_IN_FRAMEWORK_HEADER = YES;
				CLANG_WARN_RANGE_LOOP_ANALYSIS = YES;
				CLANG_WARN_STRICT_PROTOTYPES = YES;
				CLANG_WARN_SUSPICIOUS_MOVE = YES;
				CLANG_WARN_UNGUARDED_AVAILABILITY = YES_AGGRESSIVE;
				CLANG_WARN_UNREACHABLE_CODE = YES;
				CLANG_WARN__DUPLICATE_METHOD_MATCH = YES;
				COPY_PHASE_STRIP = NO;
				DEBUG_INFORMATION_FORMAT = "dwarf-with-dsym";
				ENABLE_NS_ASSERTIONS = NO;
				ENABLE_STRICT_OBJC_MSGSEND = YES;
				GCC_C_LANGUAGE_STANDARD = gnu11;
				GCC_NO_COMMON_BLOCKS = YES;
				GCC_WARN_64_TO_32_BIT_CONVERSION = YES;
				GCC_WARN_ABOUT_RETURN_TYPE = YES_ERROR;
				GCC_WARN_UNDECLARED_SELECTOR = YES;
				GCC_WARN_UNINITIALIZED_AUTOS = YES_AGGRESSIVE;
				GCC_WARN_UNUSED_FUNCTION = YES;
				GCC_WARN_UNUSED_VARIABLE = YES;
				IPHONEOS_DEPLOYMENT_TARGET = 16.4;
				MTL_ENABLE_DEBUG_INFO = NO;
				MTL_FAST_MATH = YES;
				SDKROOT = iphoneos;
				SWIFT_COMPILATION_MODE = wholemodule;
				SWIFT_OPTIMIZATION_LEVEL = "-O";
				VALIDATE_PRODUCT = YES;
			};
			name = Release;
		};
		6B3034842A10D2CF00CBA23C /* Debug */ = {
			isa = XCBuildConfiguration;
			buildSettings = {
				ASSETCATALOG_COMPILER_APPICON_NAME = AppIcon;
				ASSETCATALOG_COMPILER_GLOBAL_ACCENT_COLOR_NAME = AccentColor;
				CODE_SIGN_STYLE = Automatic;
				CURRENT_PROJECT_VERSION = 1;
				DEVELOPMENT_ASSET_PATHS = "\"Swift_30_Projects_SpotifySignIn/Preview Content\"";
				DEVELOPMENT_TEAM = TB9WF4459Q;
				ENABLE_PREVIEWS = YES;
				GENERATE_INFOPLIST_FILE = YES;
				INFOPLIST_KEY_UIApplicationSceneManifest_Generation = YES;
				INFOPLIST_KEY_UIApplicationSupportsIndirectInputEvents = YES;
				INFOPLIST_KEY_UILaunchScreen_Generation = YES;
				INFOPLIST_KEY_UISupportedInterfaceOrientations_iPad = "UIInterfaceOrientationPortrait UIInterfaceOrientationPortraitUpsideDown UIInterfaceOrientationLandscapeLeft UIInterfaceOrientationLandscapeRight";
				INFOPLIST_KEY_UISupportedInterfaceOrientations_iPhone = "UIInterfaceOrientationPortrait UIInterfaceOrientationLandscapeLeft UIInterfaceOrientationLandscapeRight";
				LD_RUNPATH_SEARCH_PATHS = (
					"$(inherited)",
					"@executable_path/Frameworks",
				);
				MARKETING_VERSION = 1.0;
				PRODUCT_BUNDLE_IDENTIFIER = "YC.Swift-30-Projects-SpotifySignIn";
				PRODUCT_NAME = "$(TARGET_NAME)";
				SWIFT_EMIT_LOC_STRINGS = YES;
				SWIFT_VERSION = 5.0;
				TARGETED_DEVICE_FAMILY = "1,2";
			};
			name = Debug;
		};
		6B3034852A10D2CF00CBA23C /* Release */ = {
			isa = XCBuildConfiguration;
			buildSettings = {
				ASSETCATALOG_COMPILER_APPICON_NAME = AppIcon;
				ASSETCATALOG_COMPILER_GLOBAL_ACCENT_COLOR_NAME = AccentColor;
				CODE_SIGN_STYLE = Automatic;
				CURRENT_PROJECT_VERSION = 1;
				DEVELOPMENT_ASSET_PATHS = "\"Swift_30_Projects_SpotifySignIn/Preview Content\"";
				DEVELOPMENT_TEAM = TB9WF4459Q;
				ENABLE_PREVIEWS = YES;
				GENERATE_INFOPLIST_FILE = YES;
				INFOPLIST_KEY_UIApplicationSceneManifest_Generation = YES;
				INFOPLIST_KEY_UIApplicationSupportsIndirectInputEvents = YES;
				INFOPLIST_KEY_UILaunchScreen_Generation = YES;
				INFOPLIST_KEY_UISupportedInterfaceOrientations_iPad = "UIInterfaceOrientationPortrait UIInterfaceOrientationPortraitUpsideDown UIInterfaceOrientationLandscapeLeft UIInterfaceOrientationLandscapeRight";
				INFOPLIST_KEY_UISupportedInterfaceOrientations_iPhone = "UIInterfaceOrientationPortrait UIInterfaceOrientationLandscapeLeft UIInterfaceOrientationLandscapeRight";
				LD_RUNPATH_SEARCH_PATHS = (
					"$(inherited)",
					"@executable_path/Frameworks",
				);
				MARKETING_VERSION = 1.0;
				PRODUCT_BUNDLE_IDENTIFIER = "YC.Swift-30-Projects-SpotifySignIn";
				PRODUCT_NAME = "$(TARGET_NAME)";
				SWIFT_EMIT_LOC_STRINGS = YES;
				SWIFT_VERSION = 5.0;
				TARGETED_DEVICE_FAMILY = "1,2";
			};
			name = Release;
		};
/* End XCBuildConfiguration section */

/* Begin XCConfigurationList section */
		6B3034702A10D2CC00CBA23C /* Build configuration list for PBXProject "Swift_30_Projects_SpotifySignIn" */ = {
			isa = XCConfigurationList;
			buildConfigurations = (
				6B3034812A10D2CF00CBA23C /* Debug */,
				6B3034822A10D2CF00CBA23C /* Release */,
			);
			defaultConfigurationIsVisible = 0;
			defaultConfigurationName = Release;
		};
		6B3034832A10D2CF00CBA23C /* Build configuration list for PBXNativeTarget "Swift_30_Projects_SpotifySignIn" */ = {
			isa = XCConfigurationList;
			buildConfigurations = (
				6B3034842A10D2CF00CBA23C /* Debug */,
				6B3034852A10D2CF00CBA23C /* Release */,
			);
			defaultConfigurationIsVisible = 0;
			defaultConfigurationName = Release;
		};
/* End XCConfigurationList section */
	};
	rootObject = 6B30346D2A10D2CC00CBA23C /* Project object */;
}
